
Microsoft Visual Studio Solution File, Format Version 12.00
# Visual Studio Version 17
VisualStudioVersion = 17.7.34024.191
MinimumVisualStudioVersion = 10.0.40219.1
Project("{FAE04EC0-301F-11D3-BF4B-00C04F79EFBC}") = "Ex1", "Ex1\Ex1.csproj", "{2D388B78-C307-4F11-A7A1-6DD8F0EAD4E4}"
EndProject
Project("{FAE04EC0-301F-11D3-BF4B-00C04F79EFBC}") = "Ex2", "Ex2\Ex2.csproj", "{F6C7701E-7E78-412F-87FB-57E0AFA97B81}"
EndProject
Project("{FAE04EC0-301F-11D3-BF4B-00C04F79EFBC}") = "Ex3", "Ex3\Ex3.csproj", "{5D03B7F2-D1CB-4393-9304-2513E6CF6556}"
EndProject
Project("{FAE04EC0-301F-11D3-BF4B-00C04F79EFBC}") = "Ex4", "Ex4\Ex4.csproj", "{DF6D0A38-1BE1-4ADC-BC89-4BA59CF9F141}"
EndProject
Project("{FAE04EC0-301F-11D3-BF4B-00C04F79EFBC}") = "Ex5", "Ex5\Ex5.csproj", "{EBE7804B-9D17-43D0-BDC8-D2D9B1FA2A5E}"
EndProject
Project("{FAE04EC0-301F-11D3-BF4B-00C04F79EFBC}") = "Ex6", "Ex6\Ex6.csproj", "{E7560FDB-E504-49B1-BF9F-3EE9E35C7228}"
EndProject
Project("{FAE04EC0-301F-11D3-BF4B-00C04F79EFBC}") = "Ex7", "Ex7\Ex7.csproj", "{1CC3C81C-BFBB-4CAE-BCB5-348BD3500C66}"
EndProject
Project("{FAE04EC0-301F-11D3-BF4B-00C04F79EFBC}") = "Ex8", "Ex8\Ex8.csproj", "{FB5D4B0C-4044-45FF-9AEA-C4159536B247}"
EndProject
Project("{FAE04EC0-301F-11D3-BF4B-00C04F79EFBC}") = "Task_1", "Task_1\Task_1.csproj", "{D7A81237-A056-4C0C-BC42-9D50BF11DA13}"
EndProject
Project("{FAE04EC0-301F-11D3-BF4B-00C04F79EFBC}") = "Task_2", "Task_2\Task_2.csproj", "{540A4EA6-DE35-45C4-B59E-D5A8D601DBAD}"
EndProject
Project("{FAE04EC0-301F-11D3-BF4B-00C04F79EFBC}") = "Task_3", "Task_3\Task_3.csproj", "{4524FC94-0088-4526-B280-F834CF9DF59A}"
EndProject
Project("{FAE04EC0-301F-11D3-BF4B-00C04F79EFBC}") = "Task_4", "Task_4\Task_4.csproj", "{1E955B59-B2C9-48FB-9403-59D854F8B8F5}"
EndProject
Project("{FAE04EC0-301F-11D3-BF4B-00C04F79EFBC}") = "Task_5", "Task_5\Task_5.csproj", "{AAF76920-008C-4327-BC44-F2F1E3EAD8C1}"
EndProject
Global
	GlobalSection(SolutionConfigurationPlatforms) = preSolution
		Debug|Any CPU = Debug|Any CPU
		Release|Any CPU = Release|Any CPU
	EndGlobalSection
	GlobalSection(ProjectConfigurationPlatforms) = postSolution
		{2D388B78-C307-4F11-A7A1-6DD8F0EAD4E4}.Debug|Any CPU.ActiveCfg = Debug|Any CPU
		{2D388B78-C307-4F11-A7A1-6DD8F0EAD4E4}.Debug|Any CPU.Build.0 = Debug|Any CPU
		{2D388B78-C307-4F11-A7A1-6DD8F0EAD4E4}.Release|Any CPU.ActiveCfg = Release|Any CPU
		{2D388B78-C307-4F11-A7A1-6DD8F0EAD4E4}.Release|Any CPU.Build.0 = Release|Any CPU
		{F6C7701E-7E78-412F-87FB-57E0AFA97B81}.Debug|Any CPU.ActiveCfg = Debug|Any CPU
		{F6C7701E-7E78-412F-87FB-57E0AFA97B81}.Debug|Any CPU.Build.0 = Debug|Any CPU
		{F6C7701E-7E78-412F-87FB-57E0AFA97B81}.Release|Any CPU.ActiveCfg = Release|Any CPU
		{F6C7701E-7E78-412F-87FB-57E0AFA97B81}.Release|Any CPU.Build.0 = Release|Any CPU
		{5D03B7F2-D1CB-4393-9304-2513E6CF6556}.Debug|Any CPU.ActiveCfg = Debug|Any CPU
		{5D03B7F2-D1CB-4393-9304-2513E6CF6556}.Debug|Any CPU.Build.0 = Debug|Any CPU
		{5D03B7F2-D1CB-4393-9304-2513E6CF6556}.Release|Any CPU.ActiveCfg = Release|Any CPU
		{5D03B7F2-D1CB-4393-9304-2513E6CF6556}.Release|Any CPU.Build.0 = Release|Any CPU
		{DF6D0A38-1BE1-4ADC-BC89-4BA59CF9F141}.Debug|Any CPU.ActiveCfg = Debug|Any CPU
		{DF6D0A38-1BE1-4ADC-BC89-4BA59CF9F141}.Debug|Any CPU.Build.0 = Debug|Any CPU
		{DF6D0A38-1BE1-4ADC-BC89-4BA59CF9F141}.Release|Any CPU.ActiveCfg = Release|Any CPU
		{DF6D0A38-1BE1-4ADC-BC89-4BA59CF9F141}.Release|Any CPU.Build.0 = Release|Any CPU
		{EBE7804B-9D17-43D0-BDC8-D2D9B1FA2A5E}.Debug|Any CPU.ActiveCfg = Debug|Any CPU
		{EBE7804B-9D17-43D0-BDC8-D2D9B1FA2A5E}.Debug|Any CPU.Build.0 = Debug|Any CPU
		{EBE7804B-9D17-43D0-BDC8-D2D9B1FA2A5E}.Release|Any CPU.ActiveCfg = Release|Any CPU
		{EBE7804B-9D17-43D0-BDC8-D2D9B1FA2A5E}.Release|Any CPU.Build.0 = Release|Any CPU
		{E7560FDB-E504-49B1-BF9F-3EE9E35C7228}.Debug|Any CPU.ActiveCfg = Debug|Any CPU
		{E7560FDB-E504-49B1-BF9F-3EE9E35C7228}.Debug|Any CPU.Build.0 = Debug|Any CPU
		{E7560FDB-E504-49B1-BF9F-3EE9E35C7228}.Release|Any CPU.ActiveCfg = Release|Any CPU
		{E7560FDB-E504-49B1-BF9F-3EE9E35C7228}.Release|Any CPU.Build.0 = Release|Any CPU
		{1CC3C81C-BFBB-4CAE-BCB5-348BD3500C66}.Debug|Any CPU.ActiveCfg = Debug|Any CPU
		{1CC3C81C-BFBB-4CAE-BCB5-348BD3500C66}.Debug|Any CPU.Build.0 = Debug|Any CPU
		{1CC3C81C-BFBB-4CAE-BCB5-348BD3500C66}.Release|Any CPU.ActiveCfg = Release|Any CPU
		{1CC3C81C-BFBB-4CAE-BCB5-348BD3500C66}.Release|Any CPU.Build.0 = Release|Any CPU
		{FB5D4B0C-4044-45FF-9AEA-C4159536B247}.Debug|Any CPU.ActiveCfg = Debug|Any CPU
		{FB5D4B0C-4044-45FF-9AEA-C4159536B247}.Debug|Any CPU.Build.0 = Debug|Any CPU
		{FB5D4B0C-4044-45FF-9AEA-C4159536B247}.Release|Any CPU.ActiveCfg = Release|Any CPU
		{FB5D4B0C-4044-45FF-9AEA-C4159536B247}.Release|Any CPU.Build.0 = Release|Any CPU
		{D7A81237-A056-4C0C-BC42-9D50BF11DA13}.Debug|Any CPU.ActiveCfg = Debug|Any CPU
		{D7A81237-A056-4C0C-BC42-9D50BF11DA13}.Debug|Any CPU.Build.0 = Debug|Any CPU
		{D7A81237-A056-4C0C-BC42-9D50BF11DA13}.Release|Any CPU.ActiveCfg = Release|Any CPU
		{D7A81237-A056-4C0C-BC42-9D50BF11DA13}.Release|Any CPU.Build.0 = Release|Any CPU
		{540A4EA6-DE35-45C4-B59E-D5A8D601DBAD}.Debug|Any CPU.ActiveCfg = Debug|Any CPU
		{540A4EA6-DE35-45C4-B59E-D5A8D601DBAD}.Debug|Any CPU.Build.0 = Debug|Any CPU
		{540A4EA6-DE35-45C4-B59E-D5A8D601DBAD}.Release|Any CPU.ActiveCfg = Release|Any CPU
		{540A4EA6-DE35-45C4-B59E-D5A8D601DBAD}.Release|Any CPU.Build.0 = Release|Any CPU
		{4524FC94-0088-4526-B280-F834CF9DF59A}.Debug|Any CPU.ActiveCfg = Debug|Any CPU
		{4524FC94-0088-4526-B280-F834CF9DF59A}.Debug|Any CPU.Build.0 = Debug|Any CPU
		{4524FC94-0088-4526-B280-F834CF9DF59A}.Release|Any CPU.ActiveCfg = Release|Any CPU
		{4524FC94-0088-4526-B280-F834CF9DF59A}.Release|Any CPU.Build.0 = Release|Any CPU
		{1E955B59-B2C9-48FB-9403-59D854F8B8F5}.Debug|Any CPU.ActiveCfg = Debug|Any CPU
		{1E955B59-B2C9-48FB-9403-59D854F8B8F5}.Debug|Any CPU.Build.0 = Debug|Any CPU
		{1E955B59-B2C9-48FB-9403-59D854F8B8F5}.Release|Any CPU.ActiveCfg = Release|Any CPU
		{1E955B59-B2C9-48FB-9403-59D854F8B8F5}.Release|Any CPU.Build.0 = Release|Any CPU
		{AAF76920-008C-4327-BC44-F2F1E3EAD8C1}.Debug|Any CPU.ActiveCfg = Debug|Any CPU
		{AAF76920-008C-4327-BC44-F2F1E3EAD8C1}.Debug|Any CPU.Build.0 = Debug|Any CPU
		{AAF76920-008C-4327-BC44-F2F1E3EAD8C1}.Release|Any CPU.ActiveCfg = Release|Any CPU
		{AAF76920-008C-4327-BC44-F2F1E3EAD8C1}.Release|Any CPU.Build.0 = Release|Any CPU
	EndGlobalSection
	GlobalSection(SolutionProperties) = preSolution
		HideSolutionNode = FALSE
	EndGlobalSection
	GlobalSection(ExtensibilityGlobals) = postSolution
		SolutionGuid = {47E182DE-5B48-4747-AAEB-9A7B39D00643}
	EndGlobalSection
EndGlobal
