
Microsoft Visual Studio Solution File, Format Version 12.00
# Visual Studio Version 17
VisualStudioVersion = 17.8.34511.84
MinimumVisualStudioVersion = 10.0.40219.1
Project("{FAE04EC0-301F-11D3-BF4B-00C04F79EFBC}") = "Task_1", "Task_1\Task_1.csproj", "{C9363589-FBF4-43D1-A259-A64925161D74}"
EndProject
Project("{FAE04EC0-301F-11D3-BF4B-00C04F79EFBC}") = "Task_2", "Task_2\Task_2.csproj", "{3F5566D0-D993-423C-B289-5AAA3CA736DB}"
EndProject
Project("{FAE04EC0-301F-11D3-BF4B-00C04F79EFBC}") = "Task_3", "Task_3\Task_3.csproj", "{1AC93D6E-1201-46CE-BA3C-F7B6A207E794}"
EndProject
Project("{FAE04EC0-301F-11D3-BF4B-00C04F79EFBC}") = "Task_4", "Task_4\Task_4.csproj", "{8F09B4B3-557B-4EAE-A292-ED03464CB85D}"
EndProject
Project("{FAE04EC0-301F-11D3-BF4B-00C04F79EFBC}") = "Task_5", "Task_5\Task_5.csproj", "{C29B41B9-6790-4DEE-B7AA-C712AA7D2F7E}"
EndProject
Project("{FAE04EC0-301F-11D3-BF4B-00C04F79EFBC}") = "Task_6", "Task_6\Task_6.csproj", "{9FDE3CBC-3881-4ABF-BA1A-540449F1D44F}"
EndProject
Project("{FAE04EC0-301F-11D3-BF4B-00C04F79EFBC}") = "Task_7", "Task_7\Task_7.csproj", "{459E4147-916C-434D-AD5E-D8B60D224166}"
EndProject
Project("{FAE04EC0-301F-11D3-BF4B-00C04F79EFBC}") = "Task_8", "Task_8\Task_8.csproj", "{39E8A830-7074-4BD8-8508-49B16041A6AD}"
EndProject
Project("{FAE04EC0-301F-11D3-BF4B-00C04F79EFBC}") = "Task_9", "Task_9\Task_9.csproj", "{53B05230-5542-4AF5-A83D-44CCC143A313}"
EndProject
Project("{FAE04EC0-301F-11D3-BF4B-00C04F79EFBC}") = "Task_10", "Task_10\Task_10.csproj", "{4742BC6A-5836-418A-93FA-F98B3E5634B6}"
EndProject
Project("{FAE04EC0-301F-11D3-BF4B-00C04F79EFBC}") = "Task_11", "Task_11\Task_11.csproj", "{B1E2C3D5-E748-4068-AE6D-0E17CA465320}"
EndProject
Global
	GlobalSection(SolutionConfigurationPlatforms) = preSolution
		Debug|Any CPU = Debug|Any CPU
		Release|Any CPU = Release|Any CPU
	EndGlobalSection
	GlobalSection(ProjectConfigurationPlatforms) = postSolution
		{C9363589-FBF4-43D1-A259-A64925161D74}.Debug|Any CPU.ActiveCfg = Debug|Any CPU
		{C9363589-FBF4-43D1-A259-A64925161D74}.Debug|Any CPU.Build.0 = Debug|Any CPU
		{C9363589-FBF4-43D1-A259-A64925161D74}.Release|Any CPU.ActiveCfg = Release|Any CPU
		{C9363589-FBF4-43D1-A259-A64925161D74}.Release|Any CPU.Build.0 = Release|Any CPU
		{3F5566D0-D993-423C-B289-5AAA3CA736DB}.Debug|Any CPU.ActiveCfg = Debug|Any CPU
		{3F5566D0-D993-423C-B289-5AAA3CA736DB}.Debug|Any CPU.Build.0 = Debug|Any CPU
		{3F5566D0-D993-423C-B289-5AAA3CA736DB}.Release|Any CPU.ActiveCfg = Release|Any CPU
		{3F5566D0-D993-423C-B289-5AAA3CA736DB}.Release|Any CPU.Build.0 = Release|Any CPU
		{1AC93D6E-1201-46CE-BA3C-F7B6A207E794}.Debug|Any CPU.ActiveCfg = Debug|Any CPU
		{1AC93D6E-1201-46CE-BA3C-F7B6A207E794}.Debug|Any CPU.Build.0 = Debug|Any CPU
		{1AC93D6E-1201-46CE-BA3C-F7B6A207E794}.Release|Any CPU.ActiveCfg = Release|Any CPU
		{1AC93D6E-1201-46CE-BA3C-F7B6A207E794}.Release|Any CPU.Build.0 = Release|Any CPU
		{8F09B4B3-557B-4EAE-A292-ED03464CB85D}.Debug|Any CPU.ActiveCfg = Debug|Any CPU
		{8F09B4B3-557B-4EAE-A292-ED03464CB85D}.Debug|Any CPU.Build.0 = Debug|Any CPU
		{8F09B4B3-557B-4EAE-A292-ED03464CB85D}.Release|Any CPU.ActiveCfg = Release|Any CPU
		{8F09B4B3-557B-4EAE-A292-ED03464CB85D}.Release|Any CPU.Build.0 = Release|Any CPU
		{C29B41B9-6790-4DEE-B7AA-C712AA7D2F7E}.Debug|Any CPU.ActiveCfg = Debug|Any CPU
		{C29B41B9-6790-4DEE-B7AA-C712AA7D2F7E}.Debug|Any CPU.Build.0 = Debug|Any CPU
		{C29B41B9-6790-4DEE-B7AA-C712AA7D2F7E}.Release|Any CPU.ActiveCfg = Release|Any CPU
		{C29B41B9-6790-4DEE-B7AA-C712AA7D2F7E}.Release|Any CPU.Build.0 = Release|Any CPU
		{9FDE3CBC-3881-4ABF-BA1A-540449F1D44F}.Debug|Any CPU.ActiveCfg = Debug|Any CPU
		{9FDE3CBC-3881-4ABF-BA1A-540449F1D44F}.Debug|Any CPU.Build.0 = Debug|Any CPU
		{9FDE3CBC-3881-4ABF-BA1A-540449F1D44F}.Release|Any CPU.ActiveCfg = Release|Any CPU
		{9FDE3CBC-3881-4ABF-BA1A-540449F1D44F}.Release|Any CPU.Build.0 = Release|Any CPU
		{459E4147-916C-434D-AD5E-D8B60D224166}.Debug|Any CPU.ActiveCfg = Debug|Any CPU
		{459E4147-916C-434D-AD5E-D8B60D224166}.Debug|Any CPU.Build.0 = Debug|Any CPU
		{459E4147-916C-434D-AD5E-D8B60D224166}.Release|Any CPU.ActiveCfg = Release|Any CPU
		{459E4147-916C-434D-AD5E-D8B60D224166}.Release|Any CPU.Build.0 = Release|Any CPU
		{39E8A830-7074-4BD8-8508-49B16041A6AD}.Debug|Any CPU.ActiveCfg = Debug|Any CPU
		{39E8A830-7074-4BD8-8508-49B16041A6AD}.Debug|Any CPU.Build.0 = Debug|Any CPU
		{39E8A830-7074-4BD8-8508-49B16041A6AD}.Release|Any CPU.ActiveCfg = Release|Any CPU
		{39E8A830-7074-4BD8-8508-49B16041A6AD}.Release|Any CPU.Build.0 = Release|Any CPU
		{53B05230-5542-4AF5-A83D-44CCC143A313}.Debug|Any CPU.ActiveCfg = Debug|Any CPU
		{53B05230-5542-4AF5-A83D-44CCC143A313}.Debug|Any CPU.Build.0 = Debug|Any CPU
		{53B05230-5542-4AF5-A83D-44CCC143A313}.Release|Any CPU.ActiveCfg = Release|Any CPU
		{53B05230-5542-4AF5-A83D-44CCC143A313}.Release|Any CPU.Build.0 = Release|Any CPU
		{4742BC6A-5836-418A-93FA-F98B3E5634B6}.Debug|Any CPU.ActiveCfg = Debug|Any CPU
		{4742BC6A-5836-418A-93FA-F98B3E5634B6}.Debug|Any CPU.Build.0 = Debug|Any CPU
		{4742BC6A-5836-418A-93FA-F98B3E5634B6}.Release|Any CPU.ActiveCfg = Release|Any CPU
		{4742BC6A-5836-418A-93FA-F98B3E5634B6}.Release|Any CPU.Build.0 = Release|Any CPU
		{B1E2C3D5-E748-4068-AE6D-0E17CA465320}.Debug|Any CPU.ActiveCfg = Debug|Any CPU
		{B1E2C3D5-E748-4068-AE6D-0E17CA465320}.Debug|Any CPU.Build.0 = Debug|Any CPU
		{B1E2C3D5-E748-4068-AE6D-0E17CA465320}.Release|Any CPU.ActiveCfg = Release|Any CPU
		{B1E2C3D5-E748-4068-AE6D-0E17CA465320}.Release|Any CPU.Build.0 = Release|Any CPU
	EndGlobalSection
	GlobalSection(SolutionProperties) = preSolution
		HideSolutionNode = FALSE
	EndGlobalSection
	GlobalSection(ExtensibilityGlobals) = postSolution
		SolutionGuid = {F7D63756-30F5-4F49-9A05-FEB4836A069F}
	EndGlobalSection
EndGlobal
