
Microsoft Visual Studio Solution File, Format Version 12.00
# Visual Studio Version 17
VisualStudioVersion = 17.7.34024.191
MinimumVisualStudioVersion = 10.0.40219.1
Project("{FAE04EC0-301F-11D3-BF4B-00C04F79EFBC}") = "Task_1", "Task_1\Task_1.csproj", "{8C5E700C-CC60-4DD3-A9F6-14B8AC89E688}"
EndProject
Global
	GlobalSection(SolutionConfigurationPlatforms) = preSolution
		Debug|Any CPU = Debug|Any CPU
		Release|Any CPU = Release|Any CPU
	EndGlobalSection
	GlobalSection(ProjectConfigurationPlatforms) = postSolution
		{8C5E700C-CC60-4DD3-A9F6-14B8AC89E688}.Debug|Any CPU.ActiveCfg = Debug|Any CPU
		{8C5E700C-CC60-4DD3-A9F6-14B8AC89E688}.Debug|Any CPU.Build.0 = Debug|Any CPU
		{8C5E700C-CC60-4DD3-A9F6-14B8AC89E688}.Release|Any CPU.ActiveCfg = Release|Any CPU
		{8C5E700C-CC60-4DD3-A9F6-14B8AC89E688}.Release|Any CPU.Build.0 = Release|Any CPU
	EndGlobalSection
	GlobalSection(SolutionProperties) = preSolution
		HideSolutionNode = FALSE
	EndGlobalSection
	GlobalSection(ExtensibilityGlobals) = postSolution
		SolutionGuid = {2410F59D-EA06-4841-A6E9-46EB4ECC0EAB}
	EndGlobalSection
EndGlobal
